
Microsoft Visual Studio Solution File, Format Version 12.00
# Visual Studio 15
VisualStudioVersion = 15.0.27130.2036
MinimumVisualStudioVersion = 10.0.40219.1
Project("{FAE04EC0-301F-11D3-BF4B-00C04F79EFBC}") = "InternetSatusExemplo.Android", "InternetSatusExemplo\InternetSatusExemplo.Android\InternetSatusExemplo.Android.csproj", "{5C662C39-A42E-4670-A696-6D9C0C21067D}"
EndProject
Project("{FAE04EC0-301F-11D3-BF4B-00C04F79EFBC}") = "InternetSatusExemplo.iOS", "InternetSatusExemplo\InternetSatusExemplo.iOS\InternetSatusExemplo.iOS.csproj", "{242F832F-693D-416F-8722-86328C11C2BA}"
EndProject
Project("{FAE04EC0-301F-11D3-BF4B-00C04F79EFBC}") = "InternetSatusExemplo.UWP", "InternetSatusExemplo\InternetSatusExemplo.UWP\InternetSatusExemplo.UWP.csproj", "{9B459438-A4AF-4B96-AE01-1A70629906BB}"
EndProject
Project("{FAE04EC0-301F-11D3-BF4B-00C04F79EFBC}") = "InternetSatusExemplo", "InternetSatusExemplo\InternetSatusExemplo\InternetSatusExemplo.csproj", "{B0CEAFFC-0860-4F53-9C8B-0963679C6A6F}"
EndProject
Global
	GlobalSection(SolutionConfigurationPlatforms) = preSolution
		Ad-Hoc|Any CPU = Ad-Hoc|Any CPU
		Ad-Hoc|ARM = Ad-Hoc|ARM
		Ad-Hoc|iPhone = Ad-Hoc|iPhone
		Ad-Hoc|iPhoneSimulator = Ad-Hoc|iPhoneSimulator
		Ad-Hoc|x64 = Ad-Hoc|x64
		Ad-Hoc|x86 = Ad-Hoc|x86
		AppStore|Any CPU = AppStore|Any CPU
		AppStore|ARM = AppStore|ARM
		AppStore|iPhone = AppStore|iPhone
		AppStore|iPhoneSimulator = AppStore|iPhoneSimulator
		AppStore|x64 = AppStore|x64
		AppStore|x86 = AppStore|x86
		Debug|Any CPU = Debug|Any CPU
		Debug|ARM = Debug|ARM
		Debug|iPhone = Debug|iPhone
		Debug|iPhoneSimulator = Debug|iPhoneSimulator
		Debug|x64 = Debug|x64
		Debug|x86 = Debug|x86
		Release|Any CPU = Release|Any CPU
		Release|ARM = Release|ARM
		Release|iPhone = Release|iPhone
		Release|iPhoneSimulator = Release|iPhoneSimulator
		Release|x64 = Release|x64
		Release|x86 = Release|x86
	EndGlobalSection
	GlobalSection(ProjectConfigurationPlatforms) = postSolution
		{5C662C39-A42E-4670-A696-6D9C0C21067D}.Ad-Hoc|Any CPU.ActiveCfg = Release|Any CPU
		{5C662C39-A42E-4670-A696-6D9C0C21067D}.Ad-Hoc|Any CPU.Build.0 = Release|Any CPU
		{5C662C39-A42E-4670-A696-6D9C0C21067D}.Ad-Hoc|Any CPU.Deploy.0 = Release|Any CPU
		{5C662C39-A42E-4670-A696-6D9C0C21067D}.Ad-Hoc|ARM.ActiveCfg = Release|Any CPU
		{5C662C39-A42E-4670-A696-6D9C0C21067D}.Ad-Hoc|ARM.Build.0 = Release|Any CPU
		{5C662C39-A42E-4670-A696-6D9C0C21067D}.Ad-Hoc|ARM.Deploy.0 = Release|Any CPU
		{5C662C39-A42E-4670-A696-6D9C0C21067D}.Ad-Hoc|iPhone.ActiveCfg = Release|Any CPU
		{5C662C39-A42E-4670-A696-6D9C0C21067D}.Ad-Hoc|iPhone.Build.0 = Release|Any CPU
		{5C662C39-A42E-4670-A696-6D9C0C21067D}.Ad-Hoc|iPhone.Deploy.0 = Release|Any CPU
		{5C662C39-A42E-4670-A696-6D9C0C21067D}.Ad-Hoc|iPhoneSimulator.ActiveCfg = Release|Any CPU
		{5C662C39-A42E-4670-A696-6D9C0C21067D}.Ad-Hoc|iPhoneSimulator.Build.0 = Release|Any CPU
		{5C662C39-A42E-4670-A696-6D9C0C21067D}.Ad-Hoc|iPhoneSimulator.Deploy.0 = Release|Any CPU
		{5C662C39-A42E-4670-A696-6D9C0C21067D}.Ad-Hoc|x64.ActiveCfg = Release|Any CPU
		{5C662C39-A42E-4670-A696-6D9C0C21067D}.Ad-Hoc|x64.Build.0 = Release|Any CPU
		{5C662C39-A42E-4670-A696-6D9C0C21067D}.Ad-Hoc|x64.Deploy.0 = Release|Any CPU
		{5C662C39-A42E-4670-A696-6D9C0C21067D}.Ad-Hoc|x86.ActiveCfg = Release|Any CPU
		{5C662C39-A42E-4670-A696-6D9C0C21067D}.Ad-Hoc|x86.Build.0 = Release|Any CPU
		{5C662C39-A42E-4670-A696-6D9C0C21067D}.Ad-Hoc|x86.Deploy.0 = Release|Any CPU
		{5C662C39-A42E-4670-A696-6D9C0C21067D}.AppStore|Any CPU.ActiveCfg = Release|Any CPU
		{5C662C39-A42E-4670-A696-6D9C0C21067D}.AppStore|Any CPU.Build.0 = Release|Any CPU
		{5C662C39-A42E-4670-A696-6D9C0C21067D}.AppStore|Any CPU.Deploy.0 = Release|Any CPU
		{5C662C39-A42E-4670-A696-6D9C0C21067D}.AppStore|ARM.ActiveCfg = Release|Any CPU
		{5C662C39-A42E-4670-A696-6D9C0C21067D}.AppStore|ARM.Build.0 = Release|Any CPU
		{5C662C39-A42E-4670-A696-6D9C0C21067D}.AppStore|ARM.Deploy.0 = Release|Any CPU
		{5C662C39-A42E-4670-A696-6D9C0C21067D}.AppStore|iPhone.ActiveCfg = Release|Any CPU
		{5C662C39-A42E-4670-A696-6D9C0C21067D}.AppStore|iPhone.Build.0 = Release|Any CPU
		{5C662C39-A42E-4670-A696-6D9C0C21067D}.AppStore|iPhone.Deploy.0 = Release|Any CPU
		{5C662C39-A42E-4670-A696-6D9C0C21067D}.AppStore|iPhoneSimulator.ActiveCfg = Release|Any CPU
		{5C662C39-A42E-4670-A696-6D9C0C21067D}.AppStore|iPhoneSimulator.Build.0 = Release|Any CPU
		{5C662C39-A42E-4670-A696-6D9C0C21067D}.AppStore|iPhoneSimulator.Deploy.0 = Release|Any CPU
		{5C662C39-A42E-4670-A696-6D9C0C21067D}.AppStore|x64.ActiveCfg = Release|Any CPU
		{5C662C39-A42E-4670-A696-6D9C0C21067D}.AppStore|x64.Build.0 = Release|Any CPU
		{5C662C39-A42E-4670-A696-6D9C0C21067D}.AppStore|x64.Deploy.0 = Release|Any CPU
		{5C662C39-A42E-4670-A696-6D9C0C21067D}.AppStore|x86.ActiveCfg = Release|Any CPU
		{5C662C39-A42E-4670-A696-6D9C0C21067D}.AppStore|x86.Build.0 = Release|Any CPU
		{5C662C39-A42E-4670-A696-6D9C0C21067D}.AppStore|x86.Deploy.0 = Release|Any CPU
		{5C662C39-A42E-4670-A696-6D9C0C21067D}.Debug|Any CPU.ActiveCfg = Debug|Any CPU
		{5C662C39-A42E-4670-A696-6D9C0C21067D}.Debug|Any CPU.Build.0 = Debug|Any CPU
		{5C662C39-A42E-4670-A696-6D9C0C21067D}.Debug|Any CPU.Deploy.0 = Debug|Any CPU
		{5C662C39-A42E-4670-A696-6D9C0C21067D}.Debug|ARM.ActiveCfg = Debug|Any CPU
		{5C662C39-A42E-4670-A696-6D9C0C21067D}.Debug|ARM.Build.0 = Debug|Any CPU
		{5C662C39-A42E-4670-A696-6D9C0C21067D}.Debug|ARM.Deploy.0 = Debug|Any CPU
		{5C662C39-A42E-4670-A696-6D9C0C21067D}.Debug|iPhone.ActiveCfg = Debug|Any CPU
		{5C662C39-A42E-4670-A696-6D9C0C21067D}.Debug|iPhone.Build.0 = Debug|Any CPU
		{5C662C39-A42E-4670-A696-6D9C0C21067D}.Debug|iPhone.Deploy.0 = Debug|Any CPU
		{5C662C39-A42E-4670-A696-6D9C0C21067D}.Debug|iPhoneSimulator.ActiveCfg = Debug|Any CPU
		{5C662C39-A42E-4670-A696-6D9C0C21067D}.Debug|iPhoneSimulator.Build.0 = Debug|Any CPU
		{5C662C39-A42E-4670-A696-6D9C0C21067D}.Debug|iPhoneSimulator.Deploy.0 = Debug|Any CPU
		{5C662C39-A42E-4670-A696-6D9C0C21067D}.Debug|x64.ActiveCfg = Debug|Any CPU
		{5C662C39-A42E-4670-A696-6D9C0C21067D}.Debug|x64.Build.0 = Debug|Any CPU
		{5C662C39-A42E-4670-A696-6D9C0C21067D}.Debug|x64.Deploy.0 = Debug|Any CPU
		{5C662C39-A42E-4670-A696-6D9C0C21067D}.Debug|x86.ActiveCfg = Debug|Any CPU
		{5C662C39-A42E-4670-A696-6D9C0C21067D}.Debug|x86.Build.0 = Debug|Any CPU
		{5C662C39-A42E-4670-A696-6D9C0C21067D}.Debug|x86.Deploy.0 = Debug|Any CPU
		{5C662C39-A42E-4670-A696-6D9C0C21067D}.Release|Any CPU.ActiveCfg = Release|Any CPU
		{5C662C39-A42E-4670-A696-6D9C0C21067D}.Release|Any CPU.Build.0 = Release|Any CPU
		{5C662C39-A42E-4670-A696-6D9C0C21067D}.Release|Any CPU.Deploy.0 = Release|Any CPU
		{5C662C39-A42E-4670-A696-6D9C0C21067D}.Release|ARM.ActiveCfg = Release|Any CPU
		{5C662C39-A42E-4670-A696-6D9C0C21067D}.Release|ARM.Build.0 = Release|Any CPU
		{5C662C39-A42E-4670-A696-6D9C0C21067D}.Release|ARM.Deploy.0 = Release|Any CPU
		{5C662C39-A42E-4670-A696-6D9C0C21067D}.Release|iPhone.ActiveCfg = Release|Any CPU
		{5C662C39-A42E-4670-A696-6D9C0C21067D}.Release|iPhone.Build.0 = Release|Any CPU
		{5C662C39-A42E-4670-A696-6D9C0C21067D}.Release|iPhone.Deploy.0 = Release|Any CPU
		{5C662C39-A42E-4670-A696-6D9C0C21067D}.Release|iPhoneSimulator.ActiveCfg = Release|Any CPU
		{5C662C39-A42E-4670-A696-6D9C0C21067D}.Release|iPhoneSimulator.Build.0 = Release|Any CPU
		{5C662C39-A42E-4670-A696-6D9C0C21067D}.Release|iPhoneSimulator.Deploy.0 = Release|Any CPU
		{5C662C39-A42E-4670-A696-6D9C0C21067D}.Release|x64.ActiveCfg = Release|Any CPU
		{5C662C39-A42E-4670-A696-6D9C0C21067D}.Release|x64.Build.0 = Release|Any CPU
		{5C662C39-A42E-4670-A696-6D9C0C21067D}.Release|x64.Deploy.0 = Release|Any CPU
		{5C662C39-A42E-4670-A696-6D9C0C21067D}.Release|x86.ActiveCfg = Release|Any CPU
		{5C662C39-A42E-4670-A696-6D9C0C21067D}.Release|x86.Build.0 = Release|Any CPU
		{5C662C39-A42E-4670-A696-6D9C0C21067D}.Release|x86.Deploy.0 = Release|Any CPU
		{242F832F-693D-416F-8722-86328C11C2BA}.Ad-Hoc|Any CPU.ActiveCfg = Ad-Hoc|iPhone
		{242F832F-693D-416F-8722-86328C11C2BA}.Ad-Hoc|ARM.ActiveCfg = Ad-Hoc|iPhone
		{242F832F-693D-416F-8722-86328C11C2BA}.Ad-Hoc|iPhone.ActiveCfg = Ad-Hoc|iPhone
		{242F832F-693D-416F-8722-86328C11C2BA}.Ad-Hoc|iPhone.Build.0 = Ad-Hoc|iPhone
		{242F832F-693D-416F-8722-86328C11C2BA}.Ad-Hoc|iPhoneSimulator.ActiveCfg = Ad-Hoc|iPhoneSimulator
		{242F832F-693D-416F-8722-86328C11C2BA}.Ad-Hoc|iPhoneSimulator.Build.0 = Ad-Hoc|iPhoneSimulator
		{242F832F-693D-416F-8722-86328C11C2BA}.Ad-Hoc|x64.ActiveCfg = Ad-Hoc|iPhone
		{242F832F-693D-416F-8722-86328C11C2BA}.Ad-Hoc|x86.ActiveCfg = Ad-Hoc|iPhone
		{242F832F-693D-416F-8722-86328C11C2BA}.AppStore|Any CPU.ActiveCfg = AppStore|iPhone
		{242F832F-693D-416F-8722-86328C11C2BA}.AppStore|ARM.ActiveCfg = AppStore|iPhone
		{242F832F-693D-416F-8722-86328C11C2BA}.AppStore|iPhone.ActiveCfg = AppStore|iPhone
		{242F832F-693D-416F-8722-86328C11C2BA}.AppStore|iPhone.Build.0 = AppStore|iPhone
		{242F832F-693D-416F-8722-86328C11C2BA}.AppStore|iPhoneSimulator.ActiveCfg = AppStore|iPhoneSimulator
		{242F832F-693D-416F-8722-86328C11C2BA}.AppStore|iPhoneSimulator.Build.0 = AppStore|iPhoneSimulator
		{242F832F-693D-416F-8722-86328C11C2BA}.AppStore|x64.ActiveCfg = AppStore|iPhone
		{242F832F-693D-416F-8722-86328C11C2BA}.AppStore|x86.ActiveCfg = AppStore|iPhone
		{242F832F-693D-416F-8722-86328C11C2BA}.Debug|Any CPU.ActiveCfg = Debug|iPhone
		{242F832F-693D-416F-8722-86328C11C2BA}.Debug|ARM.ActiveCfg = Debug|iPhone
		{242F832F-693D-416F-8722-86328C11C2BA}.Debug|iPhone.ActiveCfg = Debug|iPhone
		{242F832F-693D-416F-8722-86328C11C2BA}.Debug|iPhone.Build.0 = Debug|iPhone
		{242F832F-693D-416F-8722-86328C11C2BA}.Debug|iPhoneSimulator.ActiveCfg = Debug|iPhoneSimulator
		{242F832F-693D-416F-8722-86328C11C2BA}.Debug|iPhoneSimulator.Build.0 = Debug|iPhoneSimulator
		{242F832F-693D-416F-8722-86328C11C2BA}.Debug|x64.ActiveCfg = Debug|iPhone
		{242F832F-693D-416F-8722-86328C11C2BA}.Debug|x86.ActiveCfg = Debug|iPhone
		{242F832F-693D-416F-8722-86328C11C2BA}.Release|Any CPU.ActiveCfg = Release|iPhone
		{242F832F-693D-416F-8722-86328C11C2BA}.Release|ARM.ActiveCfg = Release|iPhone
		{242F832F-693D-416F-8722-86328C11C2BA}.Release|iPhone.ActiveCfg = Release|iPhone
		{242F832F-693D-416F-8722-86328C11C2BA}.Release|iPhone.Build.0 = Release|iPhone
		{242F832F-693D-416F-8722-86328C11C2BA}.Release|iPhoneSimulator.ActiveCfg = Release|iPhoneSimulator
		{242F832F-693D-416F-8722-86328C11C2BA}.Release|iPhoneSimulator.Build.0 = Release|iPhoneSimulator
		{242F832F-693D-416F-8722-86328C11C2BA}.Release|x64.ActiveCfg = Release|iPhone
		{242F832F-693D-416F-8722-86328C11C2BA}.Release|x86.ActiveCfg = Release|iPhone
		{9B459438-A4AF-4B96-AE01-1A70629906BB}.Ad-Hoc|Any CPU.ActiveCfg = Release|x86
		{9B459438-A4AF-4B96-AE01-1A70629906BB}.Ad-Hoc|Any CPU.Build.0 = Release|x86
		{9B459438-A4AF-4B96-AE01-1A70629906BB}.Ad-Hoc|Any CPU.Deploy.0 = Release|x86
		{9B459438-A4AF-4B96-AE01-1A70629906BB}.Ad-Hoc|ARM.ActiveCfg = Release|ARM
		{9B459438-A4AF-4B96-AE01-1A70629906BB}.Ad-Hoc|ARM.Build.0 = Release|ARM
		{9B459438-A4AF-4B96-AE01-1A70629906BB}.Ad-Hoc|ARM.Deploy.0 = Release|ARM
		{9B459438-A4AF-4B96-AE01-1A70629906BB}.Ad-Hoc|iPhone.ActiveCfg = Release|x86
		{9B459438-A4AF-4B96-AE01-1A70629906BB}.Ad-Hoc|iPhone.Build.0 = Release|x86
		{9B459438-A4AF-4B96-AE01-1A70629906BB}.Ad-Hoc|iPhone.Deploy.0 = Release|x86
		{9B459438-A4AF-4B96-AE01-1A70629906BB}.Ad-Hoc|iPhoneSimulator.ActiveCfg = Release|x86
		{9B459438-A4AF-4B96-AE01-1A70629906BB}.Ad-Hoc|iPhoneSimulator.Build.0 = Release|x86
		{9B459438-A4AF-4B96-AE01-1A70629906BB}.Ad-Hoc|iPhoneSimulator.Deploy.0 = Release|x86
		{9B459438-A4AF-4B96-AE01-1A70629906BB}.Ad-Hoc|x64.ActiveCfg = Release|x64
		{9B459438-A4AF-4B96-AE01-1A70629906BB}.Ad-Hoc|x64.Build.0 = Release|x64
		{9B459438-A4AF-4B96-AE01-1A70629906BB}.Ad-Hoc|x64.Deploy.0 = Release|x64
		{9B459438-A4AF-4B96-AE01-1A70629906BB}.Ad-Hoc|x86.ActiveCfg = Release|x86
		{9B459438-A4AF-4B96-AE01-1A70629906BB}.Ad-Hoc|x86.Build.0 = Release|x86
		{9B459438-A4AF-4B96-AE01-1A70629906BB}.Ad-Hoc|x86.Deploy.0 = Release|x86
		{9B459438-A4AF-4B96-AE01-1A70629906BB}.AppStore|Any CPU.ActiveCfg = Release|x86
		{9B459438-A4AF-4B96-AE01-1A70629906BB}.AppStore|Any CPU.Build.0 = Release|x86
		{9B459438-A4AF-4B96-AE01-1A70629906BB}.AppStore|Any CPU.Deploy.0 = Release|x86
		{9B459438-A4AF-4B96-AE01-1A70629906BB}.AppStore|ARM.ActiveCfg = Release|ARM
		{9B459438-A4AF-4B96-AE01-1A70629906BB}.AppStore|ARM.Build.0 = Release|ARM
		{9B459438-A4AF-4B96-AE01-1A70629906BB}.AppStore|ARM.Deploy.0 = Release|ARM
		{9B459438-A4AF-4B96-AE01-1A70629906BB}.AppStore|iPhone.ActiveCfg = Release|x86
		{9B459438-A4AF-4B96-AE01-1A70629906BB}.AppStore|iPhone.Build.0 = Release|x86
		{9B459438-A4AF-4B96-AE01-1A70629906BB}.AppStore|iPhone.Deploy.0 = Release|x86
		{9B459438-A4AF-4B96-AE01-1A70629906BB}.AppStore|iPhoneSimulator.ActiveCfg = Release|x86
		{9B459438-A4AF-4B96-AE01-1A70629906BB}.AppStore|iPhoneSimulator.Build.0 = Release|x86
		{9B459438-A4AF-4B96-AE01-1A70629906BB}.AppStore|iPhoneSimulator.Deploy.0 = Release|x86
		{9B459438-A4AF-4B96-AE01-1A70629906BB}.AppStore|x64.ActiveCfg = Release|x64
		{9B459438-A4AF-4B96-AE01-1A70629906BB}.AppStore|x64.Build.0 = Release|x64
		{9B459438-A4AF-4B96-AE01-1A70629906BB}.AppStore|x64.Deploy.0 = Release|x64
		{9B459438-A4AF-4B96-AE01-1A70629906BB}.AppStore|x86.ActiveCfg = Release|x86
		{9B459438-A4AF-4B96-AE01-1A70629906BB}.AppStore|x86.Build.0 = Release|x86
		{9B459438-A4AF-4B96-AE01-1A70629906BB}.AppStore|x86.Deploy.0 = Release|x86
		{9B459438-A4AF-4B96-AE01-1A70629906BB}.Debug|Any CPU.ActiveCfg = Debug|x86
		{9B459438-A4AF-4B96-AE01-1A70629906BB}.Debug|ARM.ActiveCfg = Debug|ARM
		{9B459438-A4AF-4B96-AE01-1A70629906BB}.Debug|ARM.Build.0 = Debug|ARM
		{9B459438-A4AF-4B96-AE01-1A70629906BB}.Debug|ARM.Deploy.0 = Debug|ARM
		{9B459438-A4AF-4B96-AE01-1A70629906BB}.Debug|iPhone.ActiveCfg = Debug|x86
		{9B459438-A4AF-4B96-AE01-1A70629906BB}.Debug|iPhoneSimulator.ActiveCfg = Debug|x86
		{9B459438-A4AF-4B96-AE01-1A70629906BB}.Debug|x64.ActiveCfg = Debug|x64
		{9B459438-A4AF-4B96-AE01-1A70629906BB}.Debug|x64.Build.0 = Debug|x64
		{9B459438-A4AF-4B96-AE01-1A70629906BB}.Debug|x64.Deploy.0 = Debug|x64
		{9B459438-A4AF-4B96-AE01-1A70629906BB}.Debug|x86.ActiveCfg = Debug|x86
		{9B459438-A4AF-4B96-AE01-1A70629906BB}.Debug|x86.Build.0 = Debug|x86
		{9B459438-A4AF-4B96-AE01-1A70629906BB}.Debug|x86.Deploy.0 = Debug|x86
		{9B459438-A4AF-4B96-AE01-1A70629906BB}.Release|Any CPU.ActiveCfg = Release|x86
		{9B459438-A4AF-4B96-AE01-1A70629906BB}.Release|ARM.ActiveCfg = Release|ARM
		{9B459438-A4AF-4B96-AE01-1A70629906BB}.Release|ARM.Build.0 = Release|ARM
		{9B459438-A4AF-4B96-AE01-1A70629906BB}.Release|ARM.Deploy.0 = Release|ARM
		{9B459438-A4AF-4B96-AE01-1A70629906BB}.Release|iPhone.ActiveCfg = Release|x86
		{9B459438-A4AF-4B96-AE01-1A70629906BB}.Release|iPhoneSimulator.ActiveCfg = Release|x86
		{9B459438-A4AF-4B96-AE01-1A70629906BB}.Release|x64.ActiveCfg = Release|x64
		{9B459438-A4AF-4B96-AE01-1A70629906BB}.Release|x64.Build.0 = Release|x64
		{9B459438-A4AF-4B96-AE01-1A70629906BB}.Release|x64.Deploy.0 = Release|x64
		{9B459438-A4AF-4B96-AE01-1A70629906BB}.Release|x86.ActiveCfg = Release|x86
		{9B459438-A4AF-4B96-AE01-1A70629906BB}.Release|x86.Build.0 = Release|x86
		{9B459438-A4AF-4B96-AE01-1A70629906BB}.Release|x86.Deploy.0 = Release|x86
		{B0CEAFFC-0860-4F53-9C8B-0963679C6A6F}.Ad-Hoc|Any CPU.ActiveCfg = Debug|Any CPU
		{B0CEAFFC-0860-4F53-9C8B-0963679C6A6F}.Ad-Hoc|Any CPU.Build.0 = Debug|Any CPU
		{B0CEAFFC-0860-4F53-9C8B-0963679C6A6F}.Ad-Hoc|ARM.ActiveCfg = Debug|Any CPU
		{B0CEAFFC-0860-4F53-9C8B-0963679C6A6F}.Ad-Hoc|ARM.Build.0 = Debug|Any CPU
		{B0CEAFFC-0860-4F53-9C8B-0963679C6A6F}.Ad-Hoc|iPhone.ActiveCfg = Debug|Any CPU
		{B0CEAFFC-0860-4F53-9C8B-0963679C6A6F}.Ad-Hoc|iPhone.Build.0 = Debug|Any CPU
		{B0CEAFFC-0860-4F53-9C8B-0963679C6A6F}.Ad-Hoc|iPhoneSimulator.ActiveCfg = Debug|Any CPU
		{B0CEAFFC-0860-4F53-9C8B-0963679C6A6F}.Ad-Hoc|iPhoneSimulator.Build.0 = Debug|Any CPU
		{B0CEAFFC-0860-4F53-9C8B-0963679C6A6F}.Ad-Hoc|x64.ActiveCfg = Debug|Any CPU
		{B0CEAFFC-0860-4F53-9C8B-0963679C6A6F}.Ad-Hoc|x64.Build.0 = Debug|Any CPU
		{B0CEAFFC-0860-4F53-9C8B-0963679C6A6F}.Ad-Hoc|x86.ActiveCfg = Debug|Any CPU
		{B0CEAFFC-0860-4F53-9C8B-0963679C6A6F}.Ad-Hoc|x86.Build.0 = Debug|Any CPU
		{B0CEAFFC-0860-4F53-9C8B-0963679C6A6F}.AppStore|Any CPU.ActiveCfg = Debug|Any CPU
		{B0CEAFFC-0860-4F53-9C8B-0963679C6A6F}.AppStore|Any CPU.Build.0 = Debug|Any CPU
		{B0CEAFFC-0860-4F53-9C8B-0963679C6A6F}.AppStore|ARM.ActiveCfg = Debug|Any CPU
		{B0CEAFFC-0860-4F53-9C8B-0963679C6A6F}.AppStore|ARM.Build.0 = Debug|Any CPU
		{B0CEAFFC-0860-4F53-9C8B-0963679C6A6F}.AppStore|iPhone.ActiveCfg = Debug|Any CPU
		{B0CEAFFC-0860-4F53-9C8B-0963679C6A6F}.AppStore|iPhone.Build.0 = Debug|Any CPU
		{B0CEAFFC-0860-4F53-9C8B-0963679C6A6F}.AppStore|iPhoneSimulator.ActiveCfg = Debug|Any CPU
		{B0CEAFFC-0860-4F53-9C8B-0963679C6A6F}.AppStore|iPhoneSimulator.Build.0 = Debug|Any CPU
		{B0CEAFFC-0860-4F53-9C8B-0963679C6A6F}.AppStore|x64.ActiveCfg = Debug|Any CPU
		{B0CEAFFC-0860-4F53-9C8B-0963679C6A6F}.AppStore|x64.Build.0 = Debug|Any CPU
		{B0CEAFFC-0860-4F53-9C8B-0963679C6A6F}.AppStore|x86.ActiveCfg = Debug|Any CPU
		{B0CEAFFC-0860-4F53-9C8B-0963679C6A6F}.AppStore|x86.Build.0 = Debug|Any CPU
		{B0CEAFFC-0860-4F53-9C8B-0963679C6A6F}.Debug|Any CPU.ActiveCfg = Debug|Any CPU
		{B0CEAFFC-0860-4F53-9C8B-0963679C6A6F}.Debug|Any CPU.Build.0 = Debug|Any CPU
		{B0CEAFFC-0860-4F53-9C8B-0963679C6A6F}.Debug|ARM.ActiveCfg = Debug|Any CPU
		{B0CEAFFC-0860-4F53-9C8B-0963679C6A6F}.Debug|ARM.Build.0 = Debug|Any CPU
		{B0CEAFFC-0860-4F53-9C8B-0963679C6A6F}.Debug|iPhone.ActiveCfg = Debug|Any CPU
		{B0CEAFFC-0860-4F53-9C8B-0963679C6A6F}.Debug|iPhone.Build.0 = Debug|Any CPU
		{B0CEAFFC-0860-4F53-9C8B-0963679C6A6F}.Debug|iPhoneSimulator.ActiveCfg = Debug|Any CPU
		{B0CEAFFC-0860-4F53-9C8B-0963679C6A6F}.Debug|iPhoneSimulator.Build.0 = Debug|Any CPU
		{B0CEAFFC-0860-4F53-9C8B-0963679C6A6F}.Debug|x64.ActiveCfg = Debug|Any CPU
		{B0CEAFFC-0860-4F53-9C8B-0963679C6A6F}.Debug|x64.Build.0 = Debug|Any CPU
		{B0CEAFFC-0860-4F53-9C8B-0963679C6A6F}.Debug|x86.ActiveCfg = Debug|Any CPU
		{B0CEAFFC-0860-4F53-9C8B-0963679C6A6F}.Debug|x86.Build.0 = Debug|Any CPU
		{B0CEAFFC-0860-4F53-9C8B-0963679C6A6F}.Release|Any CPU.ActiveCfg = Release|Any CPU
		{B0CEAFFC-0860-4F53-9C8B-0963679C6A6F}.Release|Any CPU.Build.0 = Release|Any CPU
		{B0CEAFFC-0860-4F53-9C8B-0963679C6A6F}.Release|ARM.ActiveCfg = Release|Any CPU
		{B0CEAFFC-0860-4F53-9C8B-0963679C6A6F}.Release|ARM.Build.0 = Release|Any CPU
		{B0CEAFFC-0860-4F53-9C8B-0963679C6A6F}.Release|iPhone.ActiveCfg = Release|Any CPU
		{B0CEAFFC-0860-4F53-9C8B-0963679C6A6F}.Release|iPhone.Build.0 = Release|Any CPU
		{B0CEAFFC-0860-4F53-9C8B-0963679C6A6F}.Release|iPhoneSimulator.ActiveCfg = Release|Any CPU
		{B0CEAFFC-0860-4F53-9C8B-0963679C6A6F}.Release|iPhoneSimulator.Build.0 = Release|Any CPU
		{B0CEAFFC-0860-4F53-9C8B-0963679C6A6F}.Release|x64.ActiveCfg = Release|Any CPU
		{B0CEAFFC-0860-4F53-9C8B-0963679C6A6F}.Release|x64.Build.0 = Release|Any CPU
		{B0CEAFFC-0860-4F53-9C8B-0963679C6A6F}.Release|x86.ActiveCfg = Release|Any CPU
		{B0CEAFFC-0860-4F53-9C8B-0963679C6A6F}.Release|x86.Build.0 = Release|Any CPU
	EndGlobalSection
	GlobalSection(SolutionProperties) = preSolution
		HideSolutionNode = FALSE
	EndGlobalSection
	GlobalSection(ExtensibilityGlobals) = postSolution
		SolutionGuid = {EE423B68-35B2-45FB-B0F5-454F448E6EF2}
	EndGlobalSection
EndGlobal
